
Microsoft Visual Studio Solution File, Format Version 12.00
Project("{FAE04EC0-301F-11D3-BF4B-00C04F79EFBC}") = "Server", "Server\Server.csproj", "{4800AEFA-77F9-430F-81E1-0D07717D3083}"
EndProject
Project("{FAE04EC0-301F-11D3-BF4B-00C04F79EFBC}") = "Server.Communicators", "Server.Communicators\Server.Communicators.csproj", "{EE42EC03-AD47-4AB8-9735-21E0E832D3D2}"
EndProject
Project("{FAE04EC0-301F-11D3-BF4B-00C04F79EFBC}") = "Server.Common", "Server.Common\Server.Common.csproj", "{B92836AA-457F-4F23-BC99-E6824C9321BC}"
EndProject
Global
	GlobalSection(SolutionConfigurationPlatforms) = preSolution
		Debug|Any CPU = Debug|Any CPU
		Release|Any CPU = Release|Any CPU
	EndGlobalSection
	GlobalSection(ProjectConfigurationPlatforms) = postSolution
		{4800AEFA-77F9-430F-81E1-0D07717D3083}.Debug|Any CPU.ActiveCfg = Debug|Any CPU
		{4800AEFA-77F9-430F-81E1-0D07717D3083}.Debug|Any CPU.Build.0 = Debug|Any CPU
		{4800AEFA-77F9-430F-81E1-0D07717D3083}.Release|Any CPU.ActiveCfg = Release|Any CPU
		{4800AEFA-77F9-430F-81E1-0D07717D3083}.Release|Any CPU.Build.0 = Release|Any CPU
		{EE42EC03-AD47-4AB8-9735-21E0E832D3D2}.Debug|Any CPU.ActiveCfg = Debug|Any CPU
		{EE42EC03-AD47-4AB8-9735-21E0E832D3D2}.Debug|Any CPU.Build.0 = Debug|Any CPU
		{EE42EC03-AD47-4AB8-9735-21E0E832D3D2}.Release|Any CPU.ActiveCfg = Release|Any CPU
		{EE42EC03-AD47-4AB8-9735-21E0E832D3D2}.Release|Any CPU.Build.0 = Release|Any CPU
		{B92836AA-457F-4F23-BC99-E6824C9321BC}.Debug|Any CPU.ActiveCfg = Debug|Any CPU
		{B92836AA-457F-4F23-BC99-E6824C9321BC}.Debug|Any CPU.Build.0 = Debug|Any CPU
		{B92836AA-457F-4F23-BC99-E6824C9321BC}.Release|Any CPU.ActiveCfg = Release|Any CPU
		{B92836AA-457F-4F23-BC99-E6824C9321BC}.Release|Any CPU.Build.0 = Release|Any CPU
	EndGlobalSection
EndGlobal
